// !$*UTF8*$!
{
	archiveVersion = 1;
	classes = {
	};
	objectVersion = 46;
	objects = {

/* Begin PBXBuildFile section */
		41BF08CB1A5919DB00CB8E5B /* AppDelegate.swift in Sources */ = {isa = PBXBuildFile; fileRef = 41BF08CA1A5919DB00CB8E5B /* AppDelegate.swift */; };
		41BF08CD1A5919DB00CB8E5B /* ViewController.swift in Sources */ = {isa = PBXBuildFile; fileRef = 41BF08CC1A5919DB00CB8E5B /* ViewController.swift */; };
		41BF08D01A5919DB00CB8E5B /* Main.storyboard in Resources */ = {isa = PBXBuildFile; fileRef = 41BF08CE1A5919DB00CB8E5B /* Main.storyboard */; };
		41BF08D21A5919DB00CB8E5B /* Images.xcassets in Resources */ = {isa = PBXBuildFile; fileRef = 41BF08D11A5919DB00CB8E5B /* Images.xcassets */; };
		41BF08D51A5919DB00CB8E5B /* LaunchScreen.xib in Resources */ = {isa = PBXBuildFile; fileRef = 41BF08D31A5919DB00CB8E5B /* LaunchScreen.xib */; };
		41BF08E11A5919DB00CB8E5B /* Protocol___DelegationTests.swift in Sources */ = {isa = PBXBuildFile; fileRef = 41BF08E01A5919DB00CB8E5B /* Protocol___DelegationTests.swift */; };
		41BF08EB1A591A8C00CB8E5B /* PromiseMe.swift in Sources */ = {isa = PBXBuildFile; fileRef = 41BF08EA1A591A8C00CB8E5B /* PromiseMe.swift */; };
/* End PBXBuildFile section */

/* Begin PBXContainerItemProxy section */
		41BF08DB1A5919DB00CB8E5B /* PBXContainerItemProxy */ = {
			isa = PBXContainerItemProxy;
			containerPortal = 41BF08BD1A5919D900CB8E5B /* Project object */;
			proxyType = 1;
			remoteGlobalIDString = 41BF08C41A5919D900CB8E5B;
			remoteInfo = "Protocol + Delegation";
		};
/* End PBXContainerItemProxy section */

/* Begin PBXFileReference section */
		41BF08C51A5919DA00CB8E5B /* Protocol + Delegation.app */ = {isa = PBXFileReference; explicitFileType = wrapper.application; includeInIndex = 0; path = "Protocol + Delegation.app"; sourceTree = BUILT_PRODUCTS_DIR; };
		41BF08C91A5919DB00CB8E5B /* Info.plist */ = {isa = PBXFileReference; lastKnownFileType = text.plist.xml; path = Info.plist; sourceTree = "<group>"; };
		41BF08CA1A5919DB00CB8E5B /* AppDelegate.swift */ = {isa = PBXFileReference; lastKnownFileType = sourcecode.swift; path = AppDelegate.swift; sourceTree = "<group>"; };
		41BF08CC1A5919DB00CB8E5B /* ViewController.swift */ = {isa = PBXFileReference; lastKnownFileType = sourcecode.swift; path = ViewController.swift; sourceTree = "<group>"; };
		41BF08CF1A5919DB00CB8E5B /* Base */ = {isa = PBXFileReference; lastKnownFileType = file.storyboard; name = Base; path = Base.lproj/Main.storyboard; sourceTree = "<group>"; };
		41BF08D11A5919DB00CB8E5B /* Images.xcassets */ = {isa = PBXFileReference; lastKnownFileType = folder.assetcatalog; path = Images.xcassets; sourceTree = "<group>"; };
		41BF08D41A5919DB00CB8E5B /* Base */ = {isa = PBXFileReference; lastKnownFileType = file.xib; name = Base; path = Base.lproj/LaunchScreen.xib; sourceTree = "<group>"; };
		41BF08DA1A5919DB00CB8E5B /* Protocol + DelegationTests.xctest */ = {isa = PBXFileReference; explicitFileType = wrapper.cfbundle; includeInIndex = 0; path = "Protocol + DelegationTests.xctest"; sourceTree = BUILT_PRODUCTS_DIR; };
		41BF08DF1A5919DB00CB8E5B /* Info.plist */ = {isa = PBXFileReference; lastKnownFileType = text.plist.xml; path = Info.plist; sourceTree = "<group>"; };
		41BF08E01A5919DB00CB8E5B /* Protocol___DelegationTests.swift */ = {isa = PBXFileReference; lastKnownFileType = sourcecode.swift; path = "Protocol___DelegationTests.swift"; sourceTree = "<group>"; };
		41BF08EA1A591A8C00CB8E5B /* PromiseMe.swift */ = {isa = PBXFileReference; fileEncoding = 4; lastKnownFileType = sourcecode.swift; path = PromiseMe.swift; sourceTree = "<group>"; };
/* End PBXFileReference section */

/* Begin PBXFrameworksBuildPhase section */
		41BF08C21A5919D900CB8E5B /* Frameworks */ = {
			isa = PBXFrameworksBuildPhase;
			buildActionMask = 2147483647;
			files = (
			);
			runOnlyForDeploymentPostprocessing = 0;
		};
		41BF08D71A5919DB00CB8E5B /* Frameworks */ = {
			isa = PBXFrameworksBuildPhase;
			buildActionMask = 2147483647;
			files = (
			);
			runOnlyForDeploymentPostprocessing = 0;
		};
/* End PBXFrameworksBuildPhase section */

/* Begin PBXGroup section */
		41BF08BC1A5919D900CB8E5B = {
			isa = PBXGroup;
			children = (
				41BF08C71A5919DA00CB8E5B /* Protocol + Delegation */,
				41BF08DD1A5919DB00CB8E5B /* Protocol + DelegationTests */,
				41BF08C61A5919DA00CB8E5B /* Products */,
			);
			sourceTree = "<group>";
		};
		41BF08C61A5919DA00CB8E5B /* Products */ = {
			isa = PBXGroup;
			children = (
				41BF08C51A5919DA00CB8E5B /* Protocol + Delegation.app */,
				41BF08DA1A5919DB00CB8E5B /* Protocol + DelegationTests.xctest */,
			);
			name = Products;
			sourceTree = "<group>";
		};
		41BF08C71A5919DA00CB8E5B /* Protocol + Delegation */ = {
			isa = PBXGroup;
			children = (
				41BF08CA1A5919DB00CB8E5B /* AppDelegate.swift */,
				41BF08CC1A5919DB00CB8E5B /* ViewController.swift */,
				41BF08EA1A591A8C00CB8E5B /* PromiseMe.swift */,
				41BF08CE1A5919DB00CB8E5B /* Main.storyboard */,
				41BF08D11A5919DB00CB8E5B /* Images.xcassets */,
				41BF08D31A5919DB00CB8E5B /* LaunchScreen.xib */,
				41BF08C81A5919DA00CB8E5B /* Supporting Files */,
			);
			path = "Protocol + Delegation";
			sourceTree = "<group>";
		};
		41BF08C81A5919DA00CB8E5B /* Supporting Files */ = {
			isa = PBXGroup;
			children = (
				41BF08C91A5919DB00CB8E5B /* Info.plist */,
			);
			name = "Supporting Files";
			sourceTree = "<group>";
		};
		41BF08DD1A5919DB00CB8E5B /* Protocol + DelegationTests */ = {
			isa = PBXGroup;
			children = (
				41BF08E01A5919DB00CB8E5B /* Protocol___DelegationTests.swift */,
				41BF08DE1A5919DB00CB8E5B /* Supporting Files */,
			);
			path = "Protocol + DelegationTests";
			sourceTree = "<group>";
		};
		41BF08DE1A5919DB00CB8E5B /* Supporting Files */ = {
			isa = PBXGroup;
			children = (
				41BF08DF1A5919DB00CB8E5B /* Info.plist */,
			);
			name = "Supporting Files";
			sourceTree = "<group>";
		};
/* End PBXGroup section */

/* Begin PBXNativeTarget section */
		41BF08C41A5919D900CB8E5B /* Protocol + Delegation */ = {
			isa = PBXNativeTarget;
			buildConfigurationList = 41BF08E41A5919DB00CB8E5B /* Build configuration list for PBXNativeTarget "Protocol + Delegation" */;
			buildPhases = (
				41BF08C11A5919D900CB8E5B /* Sources */,
				41BF08C21A5919D900CB8E5B /* Frameworks */,
				41BF08C31A5919D900CB8E5B /* Resources */,
			);
			buildRules = (
			);
			dependencies = (
			);
			name = "Protocol + Delegation";
			productName = "Protocol + Delegation";
			productReference = 41BF08C51A5919DA00CB8E5B /* Protocol + Delegation.app */;
			productType = "com.apple.product-type.application";
		};
		41BF08D91A5919DB00CB8E5B /* Protocol + DelegationTests */ = {
			isa = PBXNativeTarget;
			buildConfigurationList = 41BF08E71A5919DB00CB8E5B /* Build configuration list for PBXNativeTarget "Protocol + DelegationTests" */;
			buildPhases = (
				41BF08D61A5919DB00CB8E5B /* Sources */,
				41BF08D71A5919DB00CB8E5B /* Frameworks */,
				41BF08D81A5919DB00CB8E5B /* Resources */,
			);
			buildRules = (
			);
			dependencies = (
				41BF08DC1A5919DB00CB8E5B /* PBXTargetDependency */,
			);
			name = "Protocol + DelegationTests";
			productName = "Protocol + DelegationTests";
			productReference = 41BF08DA1A5919DB00CB8E5B /* Protocol + DelegationTests.xctest */;
			productType = "com.apple.product-type.bundle.unit-test";
		};
/* End PBXNativeTarget section */

/* Begin PBXProject section */
		41BF08BD1A5919D900CB8E5B /* Project object */ = {
			isa = PBXProject;
			attributes = {
				LastUpgradeCheck = 0610;
				ORGANIZATIONNAME = "Jian Yao Ang";
				TargetAttributes = {
					41BF08C41A5919D900CB8E5B = {
						CreatedOnToolsVersion = 6.1.1;
					};
					41BF08D91A5919DB00CB8E5B = {
						CreatedOnToolsVersion = 6.1.1;
						TestTargetID = 41BF08C41A5919D900CB8E5B;
					};
				};
			};
			buildConfigurationList = 41BF08C01A5919D900CB8E5B /* Build configuration list for PBXProject "Protocol + Delegation" */;
			compatibilityVersion = "Xcode 3.2";
			developmentRegion = English;
			hasScannedForEncodings = 0;
			knownRegions = (
				en,
				Base,
			);
			mainGroup = 41BF08BC1A5919D900CB8E5B;
			productRefGroup = 41BF08C61A5919DA00CB8E5B /* Products */;
			projectDirPath = "";
			projectRoot = "";
			targets = (
				41BF08C41A5919D900CB8E5B /* Protocol + Delegation */,
				41BF08D91A5919DB00CB8E5B /* Protocol + DelegationTests */,
			);
		};
/* End PBXProject section */

/* Begin PBXResourcesBuildPhase section */
		41BF08C31A5919D900CB8E5B /* Resources */ = {
			isa = PBXResourcesBuildPhase;
			buildActionMask = 2147483647;
			files = (
				41BF08D01A5919DB00CB8E5B /* Main.storyboard in Resources */,
				41BF08D51A5919DB00CB8E5B /* LaunchScreen.xib in Resources */,
				41BF08D21A5919DB00CB8E5B /* Images.xcassets in Resources */,
			);
			runOnlyForDeploymentPostprocessing = 0;
		};
		41BF08D81A5919DB00CB8E5B /* Resources */ = {
			isa = PBXResourcesBuildPhase;
			buildActionMask = 2147483647;
			files = (
			);
			runOnlyForDeploymentPostprocessing = 0;
		};
/* End PBXResourcesBuildPhase section */

/* Begin PBXSourcesBuildPhase section */
		41BF08C11A5919D900CB8E5B /* Sources */ = {
			isa = PBXSourcesBuildPhase;
			buildActionMask = 2147483647;
			files = (
				41BF08EB1A591A8C00CB8E5B /* PromiseMe.swift in Sources */,
				41BF08CD1A5919DB00CB8E5B /* ViewController.swift in Sources */,
				41BF08CB1A5919DB00CB8E5B /* AppDelegate.swift in Sources */,
			);
			runOnlyForDeploymentPostprocessing = 0;
		};
		41BF08D61A5919DB00CB8E5B /* Sources */ = {
			isa = PBXSourcesBuildPhase;
			buildActionMask = 2147483647;
			files = (
				41BF08E11A5919DB00CB8E5B /* Protocol___DelegationTests.swift in Sources */,
			);
			runOnlyForDeploymentPostprocessing = 0;
		};
/* End PBXSourcesBuildPhase section */

/* Begin PBXTargetDependency section */
		41BF08DC1A5919DB00CB8E5B /* PBXTargetDependency */ = {
			isa = PBXTargetDependency;
			target = 41BF08C41A5919D900CB8E5B /* Protocol + Delegation */;
			targetProxy = 41BF08DB1A5919DB00CB8E5B /* PBXContainerItemProxy */;
		};
/* End PBXTargetDependency section */

/* Begin PBXVariantGroup section */
		41BF08CE1A5919DB00CB8E5B /* Main.storyboard */ = {
			isa = PBXVariantGroup;
			children = (
				41BF08CF1A5919DB00CB8E5B /* Base */,
			);
			name = Main.storyboard;
			sourceTree = "<group>";
		};
		41BF08D31A5919DB00CB8E5B /* LaunchScreen.xib */ = {
			isa = PBXVariantGroup;
			children = (
				41BF08D41A5919DB00CB8E5B /* Base */,
			);
			name = LaunchScreen.xib;
			sourceTree = "<group>";
		};
/* End PBXVariantGroup section */

/* Begin XCBuildConfiguration section */
		41BF08E21A5919DB00CB8E5B /* Debug */ = {
			isa = XCBuildConfiguration;
			buildSettings = {
				ALWAYS_SEARCH_USER_PATHS = NO;
				CLANG_CXX_LANGUAGE_STANDARD = "gnu++0x";
				CLANG_CXX_LIBRARY = "libc++";
				CLANG_ENABLE_MODULES = YES;
				CLANG_ENABLE_OBJC_ARC = YES;
				CLANG_WARN_BOOL_CONVERSION = YES;
				CLANG_WARN_CONSTANT_CONVERSION = YES;
				CLANG_WARN_DIRECT_OBJC_ISA_USAGE = YES_ERROR;
				CLANG_WARN_EMPTY_BODY = YES;
				CLANG_WARN_ENUM_CONVERSION = YES;
				CLANG_WARN_INT_CONVERSION = YES;
				CLANG_WARN_OBJC_ROOT_CLASS = YES_ERROR;
				CLANG_WARN_UNREACHABLE_CODE = YES;
				CLANG_WARN__DUPLICATE_METHOD_MATCH = YES;
				"CODE_SIGN_IDENTITY[sdk=iphoneos*]" = "iPhone Developer";
				COPY_PHASE_STRIP = NO;
				ENABLE_STRICT_OBJC_MSGSEND = YES;
				GCC_C_LANGUAGE_STANDARD = gnu99;
				GCC_DYNAMIC_NO_PIC = NO;
				GCC_OPTIMIZATION_LEVEL = 0;
				GCC_PREPROCESSOR_DEFINITIONS = (
					"DEBUG=1",
					"$(inherited)",
				);
				GCC_SYMBOLS_PRIVATE_EXTERN = NO;
				GCC_WARN_64_TO_32_BIT_CONVERSION = YES;
				GCC_WARN_ABOUT_RETURN_TYPE = YES_ERROR;
				GCC_WARN_UNDECLARED_SELECTOR = YES;
				GCC_WARN_UNINITIALIZED_AUTOS = YES_AGGRESSIVE;
				GCC_WARN_UNUSED_FUNCTION = YES;
				GCC_WARN_UNUSED_VARIABLE = YES;
				IPHONEOS_DEPLOYMENT_TARGET = 8.1;
				MTL_ENABLE_DEBUG_INFO = YES;
				ONLY_ACTIVE_ARCH = YES;
				SDKROOT = iphoneos;
				SWIFT_OPTIMIZATION_LEVEL = "-Onone";
			};
			name = Debug;
		};
		41BF08E31A5919DB00CB8E5B /* Release */ = {
			isa = XCBuildConfiguration;
			buildSettings = {
				ALWAYS_SEARCH_USER_PATHS = NO;
				CLANG_CXX_LANGUAGE_STANDARD = "gnu++0x";
				CLANG_CXX_LIBRARY = "libc++";
				CLANG_ENABLE_MODULES = YES;
				CLANG_ENABLE_OBJC_ARC = YES;
				CLANG_WARN_BOOL_CONVERSION = YES;
				CLANG_WARN_CONSTANT_CONVERSION = YES;
				CLANG_WARN_DIRECT_OBJC_ISA_USAGE = YES_ERROR;
				CLANG_WARN_EMPTY_BODY = YES;
				CLANG_WARN_ENUM_CONVERSION = YES;
				CLANG_WARN_INT_CONVERSION = YES;
				CLANG_WARN_OBJC_ROOT_CLASS = YES_ERROR;
				CLANG_WARN_UNREACHABLE_CODE = YES;
				CLANG_WARN__DUPLICATE_METHOD_MATCH = YES;
				"CODE_SIGN_IDENTITY[sdk=iphoneos*]" = "iPhone Developer";
				COPY_PHASE_STRIP = YES;
				ENABLE_NS_ASSERTIONS = NO;
				ENABLE_STRICT_OBJC_MSGSEND = YES;
				GCC_C_LANGUAGE_STANDARD = gnu99;
				GCC_WARN_64_TO_32_BIT_CONVERSION = YES;
				GCC_WARN_ABOUT_RETURN_TYPE = YES_ERROR;
				GCC_WARN_UNDECLARED_SELECTOR = YES;
				GCC_WARN_UNINITIALIZED_AUTOS = YES_AGGRESSIVE;
				GCC_WARN_UNUSED_FUNCTION = YES;
				GCC_WARN_UNUSED_VARIABLE = YES;
				IPHONEOS_DEPLOYMENT_TARGET = 8.1;
				MTL_ENABLE_DEBUG_INFO = NO;
				SDKROOT = iphoneos;
				VALIDATE_PRODUCT = YES;
			};
			name = Release;
		};
		41BF08E51A5919DB00CB8E5B /* Debug */ = {
			isa = XCBuildConfiguration;
			buildSettings = {
				ASSETCATALOG_COMPILER_APPICON_NAME = AppIcon;
				INFOPLIST_FILE = "Protocol + Delegation/Info.plist";
				LD_RUNPATH_SEARCH_PATHS = "$(inherited) @executable_path/Frameworks";
				PRODUCT_NAME = "$(TARGET_NAME)";
			};
			name = Debug;
		};
		41BF08E61A5919DB00CB8E5B /* Release */ = {
			isa = XCBuildConfiguration;
			buildSettings = {
				ASSETCATALOG_COMPILER_APPICON_NAME = AppIcon;
				INFOPLIST_FILE = "Protocol + Delegation/Info.plist";
				LD_RUNPATH_SEARCH_PATHS = "$(inherited) @executable_path/Frameworks";
				PRODUCT_NAME = "$(TARGET_NAME)";
			};
			name = Release;
		};
		41BF08E81A5919DB00CB8E5B /* Debug */ = {
			isa = XCBuildConfiguration;
			buildSettings = {
				BUNDLE_LOADER = "$(TEST_HOST)";
				FRAMEWORK_SEARCH_PATHS = (
					"$(SDKROOT)/Developer/Library/Frameworks",
					"$(inherited)",
				);
				GCC_PREPROCESSOR_DEFINITIONS = (
					"DEBUG=1",
					"$(inherited)",
				);
				INFOPLIST_FILE = "Protocol + DelegationTests/Info.plist";
				LD_RUNPATH_SEARCH_PATHS = "$(inherited) @executable_path/Frameworks @loader_path/Frameworks";
				PRODUCT_NAME = "$(TARGET_NAME)";
				TEST_HOST = "$(BUILT_PRODUCTS_DIR)/Protocol + Delegation.app/Protocol + Delegation";
			};
			name = Debug;
		};
		41BF08E91A5919DB00CB8E5B /* Release */ = {
			isa = XCBuildConfiguration;
			buildSettings = {
				BUNDLE_LOADER = "$(TEST_HOST)";
				FRAMEWORK_SEARCH_PATHS = (
					"$(SDKROOT)/Developer/Library/Frameworks",
					"$(inherited)",
				);
				INFOPLIST_FILE = "Protocol + DelegationTests/Info.plist";
				LD_RUNPATH_SEARCH_PATHS = "$(inherited) @executable_path/Frameworks @loader_path/Frameworks";
				PRODUCT_NAME = "$(TARGET_NAME)";
				TEST_HOST = "$(BUILT_PRODUCTS_DIR)/Protocol + Delegation.app/Protocol + Delegation";
			};
			name = Release;
		};
/* End XCBuildConfiguration section */

/* Begin XCConfigurationList section */
		41BF08C01A5919D900CB8E5B /* Build configuration list for PBXProject "Protocol + Delegation" */ = {
			isa = XCConfigurationList;
			buildConfigurations = (
				41BF08E21A5919DB00CB8E5B /* Debug */,
				41BF08E31A5919DB00CB8E5B /* Release */,
			);
			defaultConfigurationIsVisible = 0;
			defaultConfigurationName = Release;
		};
		41BF08E41A5919DB00CB8E5B /* Build configuration list for PBXNativeTarget "Protocol + Delegation" */ = {
			isa = XCConfigurationList;
			buildConfigurations = (
				41BF08E51A5919DB00CB8E5B /* Debug */,
				41BF08E61A5919DB00CB8E5B /* Release */,
			);
			defaultConfigurationIsVisible = 0;
		};
		41BF08E71A5919DB00CB8E5B /* Build configuration list for PBXNativeTarget "Protocol + DelegationTests" */ = {
			isa = XCConfigurationList;
			buildConfigurations = (
				41BF08E81A5919DB00CB8E5B /* Debug */,
				41BF08E91A5919DB00CB8E5B /* Release */,
			);
			defaultConfigurationIsVisible = 0;
		};
/* End XCConfigurationList section */
	};
	rootObject = 41BF08BD1A5919D900CB8E5B /* Project object */;
}
